
Microsoft Visual Studio Solution File, Format Version 12.00
# Visual Studio Version 16
VisualStudioVersion = 16.0.31112.23
MinimumVisualStudioVersion = 10.0.40219.1
Project("{FAE04EC0-301F-11D3-BF4B-00C04F79EFBC}") = "PharmacyManagementSystem", "PharmacyManagementSystem\PharmacyManagementSystem.csproj", "{96F184E0-7680-4324-B475-ABC4BD0AA16C}"
EndProject
Global
	GlobalSection(SolutionConfigurationPlatforms) = preSolution
		Debug|Any CPU = Debug|Any CPU
		Release|Any CPU = Release|Any CPU
	EndGlobalSection
	GlobalSection(ProjectConfigurationPlatforms) = postSolution
		{96F184E0-7680-4324-B475-ABC4BD0AA16C}.Debug|Any CPU.ActiveCfg = Debug|Any CPU
		{96F184E0-7680-4324-B475-ABC4BD0AA16C}.Debug|Any CPU.Build.0 = Debug|Any CPU
		{96F184E0-7680-4324-B475-ABC4BD0AA16C}.Release|Any CPU.ActiveCfg = Release|Any CPU
		{96F184E0-7680-4324-B475-ABC4BD0AA16C}.Release|Any CPU.Build.0 = Release|Any CPU
	EndGlobalSection
	GlobalSection(SolutionProperties) = preSolution
		HideSolutionNode = FALSE
	EndGlobalSection
	GlobalSection(ExtensibilityGlobals) = postSolution
		SolutionGuid = {BD74A397-A7E5-4966-8948-E02234BA83FF}
	EndGlobalSection
EndGlobal
